lockfileVersion: '9.0'

settings:
  autoInstallPeers: true
  excludeLinksFromLockfile: false

importers:

  .:
    dependencies:
      '@hono/node-server':
        specifier: ^2.1.0
        version: 2.1.0(hono@4.13.1)
      '@hono/zod-validator':
        specifier: ^0.9.0
        version: 0.9.0(hono@4.13.1)(zod@4.4.3)
      hono:
        specifier: ^4.13.1
        version: 4.13.1
      zod:
        specifier: ^4.4.3
        version: 4.4.3

packages:

  '@hono/node-server@2.1.0':
    resolution: {integrity: sha512-XovyyCCnBzW+zKu+z/zq8hwNs4KOR5rEMAOxo2f40Q5xoOI37IMm6MIg2COOUtUApo0i6850MTBKH2u4QLGIqg==}
    engines: {node: '>=20'}
    peerDependencies:
      hono: ^4

  '@hono/zod-validator@0.9.0':
    resolution: {integrity: sha512-n0ZSXmCiHVIp4Y5wlOOyZCeTd/rsawA/qW1cipB8QOYKZ9N8Tk0nZUZCXho9cu374AN4JpDNKioNKBJ/W+LBug==}
    peerDependencies:
      hono: '>=4.11.2'
      zod: ^3.25.0 || ^4.0.0

  hono@4.13.1:
    resolution: {integrity: sha512-kdJoFVv2xmayw6cY09H7AbMJMt8Jn5jdlEdXsP7AGBdF2DIptVlKlOLKXP41yPip4/a3yQPv9gVcJYI8YY04dw==}
    engines: {node: '>=16.9.0'}

  zod@4.4.3:
    resolution: {integrity: sha512-ytENFjIJFl2UwYglde2jchW2Hwm4GJFLDiSXWdTrJQBIN9Fcyp7n4DhxJEiWNAJMV1/BqWfW/kkg71UDcHJyTQ==}

snapshots:

  '@hono/node-server@2.1.0(hono@4.13.1)':
    dependencies:
      hono: 4.13.1

  '@hono/zod-validator@0.9.0(hono@4.13.1)(zod@4.4.3)':
    dependencies:
      hono: 4.13.1
      zod: 4.4.3

  hono@4.13.1: {}

  zod@4.4.3: {}
